
Microsoft Visual Studio Solution File, Format Version 12.00
# Visual Studio Version 17
VisualStudioVersion = 17.6.33815.320
MinimumVisualStudioVersion = 10.0.40219.1
Project("{FAE04EC0-301F-11D3-BF4B-00C04F79EFBC}") = "WebApplication1", "WebApplication1\WebApplication1.csproj", "{E06A21A9-6C5B-436B-AA1D-12B2E15565F1}"
EndProject
Global
	GlobalSection(SolutionConfigurationPlatforms) = preSolution
		Debug|Any CPU = Debug|Any CPU
		Release|Any CPU = Release|Any CPU
	EndGlobalSection
	GlobalSection(ProjectConfigurationPlatforms) = postSolution
		{E06A21A9-6C5B-436B-AA1D-12B2E15565F1}.Debug|Any CPU.ActiveCfg = Debug|Any CPU
		{E06A21A9-6C5B-436B-AA1D-12B2E15565F1}.Debug|Any CPU.Build.0 = Debug|Any CPU
		{E06A21A9-6C5B-436B-AA1D-12B2E15565F1}.Release|Any CPU.ActiveCfg = Release|Any CPU
		{E06A21A9-6C5B-436B-AA1D-12B2E15565F1}.Release|Any CPU.Build.0 = Release|Any CPU
	EndGlobalSection
	GlobalSection(SolutionProperties) = preSolution
		HideSolutionNode = FALSE
	EndGlobalSection
	GlobalSection(ExtensibilityGlobals) = postSolution
		SolutionGuid = {7A5AC987-EF81-4CFB-96B2-71B7E250937D}
	EndGlobalSection
EndGlobal
